
Microsoft Visual Studio Solution File, Format Version 12.00
# Visual Studio Version 16
VisualStudioVersion = 16.0.30907.101
MinimumVisualStudioVersion = 10.0.40219.1
Project("{FAE04EC0-301F-11D3-BF4B-00C04F79EFBC}") = "nnelson1730ex1B1", "nnelson1730ex1B1\nnelson1730ex1B1.csproj", "{0A24628F-9EE1-4CE6-BA77-895A8FD4FC80}"
EndProject
Project("{FAE04EC0-301F-11D3-BF4B-00C04F79EFBC}") = "nnelson1c1", "nnelson1c1\nnelson1c1.csproj", "{CA337EF3-4515-4016-9D2E-AA202A03C719}"
EndProject
Project("{FAE04EC0-301F-11D3-BF4B-00C04F79EFBC}") = "nnelson1d1", "nnelson1d1\nnelson1d1.csproj", "{AC74430C-A9E0-4421-8C60-454E07839F9A}"
EndProject
Project("{FAE04EC0-301F-11D3-BF4B-00C04F79EFBC}") = "nnelson1e2", "nnelson1e2\nnelson1e2.csproj", "{7B709731-40C6-4A57-B269-DEE1DE7FF76B}"
EndProject
Project("{FAE04EC0-301F-11D3-BF4B-00C04F79EFBC}") = "nnelson1f1", "nnelson1f1\nnelson1f1.csproj", "{F542B956-C56F-4CC3-B716-4804D90BF143}"
EndProject
Project("{FAE04EC0-301F-11D3-BF4B-00C04F79EFBC}") = "nnelsonex2a", "nnelsonex2a\nnelsonex2a.csproj", "{F94F551E-D6E9-422C-8631-D311A6086D20}"
EndProject
Project("{FAE04EC0-301F-11D3-BF4B-00C04F79EFBC}") = "nnelson2b1", "nnelson2b1\nnelson2b1.csproj", "{33F645A7-0776-4B67-B8ED-8E18C002DC9D}"
EndProject
Project("{FAE04EC0-301F-11D3-BF4B-00C04F79EFBC}") = "nnelson2d1", "nnelson2d1\nnelson2d1.csproj", "{39A6A84F-3554-41AE-ABEA-A98D638F4AE4}"
EndProject
Project("{FAE04EC0-301F-11D3-BF4B-00C04F79EFBC}") = "nnelson2d2", "nnelson1d2\nnelson2d2.csproj", "{5206EADF-3061-4C43-A2AC-09FE8835F9DA}"
EndProject
Project("{FAE04EC0-301F-11D3-BF4B-00C04F79EFBC}") = "nnelson2e1", "nnelson2e1\nnelson2e1.csproj", "{9EBA79C9-E179-4652-8C74-D956A882235A}"
EndProject
Project("{FAE04EC0-301F-11D3-BF4B-00C04F79EFBC}") = "nnelson2e1UnitTests", "nnelson2e1UnitTests\nnelson2e1UnitTests.csproj", "{F0259611-BFF2-4EED-BF2B-8B5A889AD8D6}"
EndProject
Project("{FAE04EC0-301F-11D3-BF4B-00C04F79EFBC}") = "nnelson2f1", "nnelson2f1\nnelson2f1.csproj", "{DFD1F61D-9FC8-4E6F-817D-1BA37390EC1A}"
EndProject
Project("{FAE04EC0-301F-11D3-BF4B-00C04F79EFBC}") = "nnelson2fUnitTests", "nnelson2fUnitTests\nnelson2fUnitTests.csproj", "{E7E9EF78-F55B-4F5A-B8E3-6154DE9B3322}"
EndProject
Project("{FAE04EC0-301F-11D3-BF4B-00C04F79EFBC}") = "nnelsonex2g1", "nnelsonex2g1\nnelsonex2g1\nnelsonex2g1.csproj", "{DFFAB777-0B0A-4992-AE08-9FCCE9A69E43}"
EndProject
Project("{FAE04EC0-301F-11D3-BF4B-00C04F79EFBC}") = "nnelson2g1UnitTests", "nnelson2g1UnitTests\nnelson2g1UnitTests\nnelson2g1UnitTests.csproj", "{8AA5AC0E-A782-4F41-9287-FBF9669428F2}"
EndProject
Project("{FAE04EC0-301F-11D3-BF4B-00C04F79EFBC}") = "nnelson2H", "nnelson2H\nnelson2H.csproj", "{F45BD9D8-DB5F-403B-AD6D-8824DBBC881E}"
EndProject
Project("{FAE04EC0-301F-11D3-BF4B-00C04F79EFBC}") = "nnelson2H.Tests", "nnelson2H.Tests\nnelson2H.Tests.csproj", "{D399DA48-339E-42B6-80E8-D956081743B3}"
EndProject
Global
	GlobalSection(SolutionConfigurationPlatforms) = preSolution
		Debug|Any CPU = Debug|Any CPU
		Release|Any CPU = Release|Any CPU
	EndGlobalSection
	GlobalSection(ProjectConfigurationPlatforms) = postSolution
		{0A24628F-9EE1-4CE6-BA77-895A8FD4FC80}.Debug|Any CPU.ActiveCfg = Debug|Any CPU
		{0A24628F-9EE1-4CE6-BA77-895A8FD4FC80}.Debug|Any CPU.Build.0 = Debug|Any CPU
		{0A24628F-9EE1-4CE6-BA77-895A8FD4FC80}.Release|Any CPU.ActiveCfg = Release|Any CPU
		{0A24628F-9EE1-4CE6-BA77-895A8FD4FC80}.Release|Any CPU.Build.0 = Release|Any CPU
		{CA337EF3-4515-4016-9D2E-AA202A03C719}.Debug|Any CPU.ActiveCfg = Debug|Any CPU
		{CA337EF3-4515-4016-9D2E-AA202A03C719}.Debug|Any CPU.Build.0 = Debug|Any CPU
		{CA337EF3-4515-4016-9D2E-AA202A03C719}.Release|Any CPU.ActiveCfg = Release|Any CPU
		{CA337EF3-4515-4016-9D2E-AA202A03C719}.Release|Any CPU.Build.0 = Release|Any CPU
		{AC74430C-A9E0-4421-8C60-454E07839F9A}.Debug|Any CPU.ActiveCfg = Debug|Any CPU
		{AC74430C-A9E0-4421-8C60-454E07839F9A}.Debug|Any CPU.Build.0 = Debug|Any CPU
		{AC74430C-A9E0-4421-8C60-454E07839F9A}.Release|Any CPU.ActiveCfg = Release|Any CPU
		{AC74430C-A9E0-4421-8C60-454E07839F9A}.Release|Any CPU.Build.0 = Release|Any CPU
		{7B709731-40C6-4A57-B269-DEE1DE7FF76B}.Debug|Any CPU.ActiveCfg = Debug|Any CPU
		{7B709731-40C6-4A57-B269-DEE1DE7FF76B}.Debug|Any CPU.Build.0 = Debug|Any CPU
		{7B709731-40C6-4A57-B269-DEE1DE7FF76B}.Release|Any CPU.ActiveCfg = Release|Any CPU
		{7B709731-40C6-4A57-B269-DEE1DE7FF76B}.Release|Any CPU.Build.0 = Release|Any CPU
		{F542B956-C56F-4CC3-B716-4804D90BF143}.Debug|Any CPU.ActiveCfg = Debug|Any CPU
		{F542B956-C56F-4CC3-B716-4804D90BF143}.Debug|Any CPU.Build.0 = Debug|Any CPU
		{F542B956-C56F-4CC3-B716-4804D90BF143}.Release|Any CPU.ActiveCfg = Release|Any CPU
		{F542B956-C56F-4CC3-B716-4804D90BF143}.Release|Any CPU.Build.0 = Release|Any CPU
		{F94F551E-D6E9-422C-8631-D311A6086D20}.Debug|Any CPU.ActiveCfg = Debug|Any CPU
		{F94F551E-D6E9-422C-8631-D311A6086D20}.Debug|Any CPU.Build.0 = Debug|Any CPU
		{F94F551E-D6E9-422C-8631-D311A6086D20}.Release|Any CPU.ActiveCfg = Release|Any CPU
		{F94F551E-D6E9-422C-8631-D311A6086D20}.Release|Any CPU.Build.0 = Release|Any CPU
		{33F645A7-0776-4B67-B8ED-8E18C002DC9D}.Debug|Any CPU.ActiveCfg = Debug|Any CPU
		{33F645A7-0776-4B67-B8ED-8E18C002DC9D}.Debug|Any CPU.Build.0 = Debug|Any CPU
		{33F645A7-0776-4B67-B8ED-8E18C002DC9D}.Release|Any CPU.ActiveCfg = Release|Any CPU
		{33F645A7-0776-4B67-B8ED-8E18C002DC9D}.Release|Any CPU.Build.0 = Release|Any CPU
		{39A6A84F-3554-41AE-ABEA-A98D638F4AE4}.Debug|Any CPU.ActiveCfg = Debug|Any CPU
		{39A6A84F-3554-41AE-ABEA-A98D638F4AE4}.Debug|Any CPU.Build.0 = Debug|Any CPU
		{39A6A84F-3554-41AE-ABEA-A98D638F4AE4}.Release|Any CPU.ActiveCfg = Release|Any CPU
		{39A6A84F-3554-41AE-ABEA-A98D638F4AE4}.Release|Any CPU.Build.0 = Release|Any CPU
		{5206EADF-3061-4C43-A2AC-09FE8835F9DA}.Debug|Any CPU.ActiveCfg = Debug|Any CPU
		{5206EADF-3061-4C43-A2AC-09FE8835F9DA}.Debug|Any CPU.Build.0 = Debug|Any CPU
		{5206EADF-3061-4C43-A2AC-09FE8835F9DA}.Release|Any CPU.ActiveCfg = Release|Any CPU
		{5206EADF-3061-4C43-A2AC-09FE8835F9DA}.Release|Any CPU.Build.0 = Release|Any CPU
		{9EBA79C9-E179-4652-8C74-D956A882235A}.Debug|Any CPU.ActiveCfg = Debug|Any CPU
		{9EBA79C9-E179-4652-8C74-D956A882235A}.Debug|Any CPU.Build.0 = Debug|Any CPU
		{9EBA79C9-E179-4652-8C74-D956A882235A}.Release|Any CPU.ActiveCfg = Release|Any CPU
		{9EBA79C9-E179-4652-8C74-D956A882235A}.Release|Any CPU.Build.0 = Release|Any CPU
		{F0259611-BFF2-4EED-BF2B-8B5A889AD8D6}.Debug|Any CPU.ActiveCfg = Debug|Any CPU
		{F0259611-BFF2-4EED-BF2B-8B5A889AD8D6}.Debug|Any CPU.Build.0 = Debug|Any CPU
		{F0259611-BFF2-4EED-BF2B-8B5A889AD8D6}.Release|Any CPU.ActiveCfg = Release|Any CPU
		{F0259611-BFF2-4EED-BF2B-8B5A889AD8D6}.Release|Any CPU.Build.0 = Release|Any CPU
		{DFD1F61D-9FC8-4E6F-817D-1BA37390EC1A}.Debug|Any CPU.ActiveCfg = Debug|Any CPU
		{DFD1F61D-9FC8-4E6F-817D-1BA37390EC1A}.Debug|Any CPU.Build.0 = Debug|Any CPU
		{DFD1F61D-9FC8-4E6F-817D-1BA37390EC1A}.Release|Any CPU.ActiveCfg = Release|Any CPU
		{DFD1F61D-9FC8-4E6F-817D-1BA37390EC1A}.Release|Any CPU.Build.0 = Release|Any CPU
		{E7E9EF78-F55B-4F5A-B8E3-6154DE9B3322}.Debug|Any CPU.ActiveCfg = Debug|Any CPU
		{E7E9EF78-F55B-4F5A-B8E3-6154DE9B3322}.Debug|Any CPU.Build.0 = Debug|Any CPU
		{E7E9EF78-F55B-4F5A-B8E3-6154DE9B3322}.Release|Any CPU.ActiveCfg = Release|Any CPU
		{E7E9EF78-F55B-4F5A-B8E3-6154DE9B3322}.Release|Any CPU.Build.0 = Release|Any CPU
		{DFFAB777-0B0A-4992-AE08-9FCCE9A69E43}.Debug|Any CPU.ActiveCfg = Debug|Any CPU
		{DFFAB777-0B0A-4992-AE08-9FCCE9A69E43}.Debug|Any CPU.Build.0 = Debug|Any CPU
		{DFFAB777-0B0A-4992-AE08-9FCCE9A69E43}.Release|Any CPU.ActiveCfg = Release|Any CPU
		{DFFAB777-0B0A-4992-AE08-9FCCE9A69E43}.Release|Any CPU.Build.0 = Release|Any CPU
		{8AA5AC0E-A782-4F41-9287-FBF9669428F2}.Debug|Any CPU.ActiveCfg = Debug|Any CPU
		{8AA5AC0E-A782-4F41-9287-FBF9669428F2}.Debug|Any CPU.Build.0 = Debug|Any CPU
		{8AA5AC0E-A782-4F41-9287-FBF9669428F2}.Release|Any CPU.ActiveCfg = Release|Any CPU
		{8AA5AC0E-A782-4F41-9287-FBF9669428F2}.Release|Any CPU.Build.0 = Release|Any CPU
		{F45BD9D8-DB5F-403B-AD6D-8824DBBC881E}.Debug|Any CPU.ActiveCfg = Debug|Any CPU
		{F45BD9D8-DB5F-403B-AD6D-8824DBBC881E}.Debug|Any CPU.Build.0 = Debug|Any CPU
		{F45BD9D8-DB5F-403B-AD6D-8824DBBC881E}.Release|Any CPU.ActiveCfg = Release|Any CPU
		{F45BD9D8-DB5F-403B-AD6D-8824DBBC881E}.Release|Any CPU.Build.0 = Release|Any CPU
		{D399DA48-339E-42B6-80E8-D956081743B3}.Debug|Any CPU.ActiveCfg = Debug|Any CPU
		{D399DA48-339E-42B6-80E8-D956081743B3}.Debug|Any CPU.Build.0 = Debug|Any CPU
		{D399DA48-339E-42B6-80E8-D956081743B3}.Release|Any CPU.ActiveCfg = Release|Any CPU
		{D399DA48-339E-42B6-80E8-D956081743B3}.Release|Any CPU.Build.0 = Release|Any CPU
	EndGlobalSection
	GlobalSection(SolutionProperties) = preSolution
		HideSolutionNode = FALSE
	EndGlobalSection
	GlobalSection(ExtensibilityGlobals) = postSolution
		SolutionGuid = {7EC78C42-E5E4-4B19-940E-A4262F1E4A9E}
	EndGlobalSection
EndGlobal
